
Microsoft Visual Studio Solution File, Format Version 12.00
# Visual Studio Version 16
VisualStudioVersion = 16.0.31829.152
MinimumVisualStudioVersion = 10.0.40219.1
Project("{8BC9CEB8-8B4A-11D0-8D11-00A0C91BC942}") = "metapad", "metapad.vcxproj", "{29818FE5-5022-4556-8D8A-D74C31594B1A}"
EndProject
Global
	GlobalSection(SolutionConfigurationPlatforms) = preSolution
		Debug|x64 = Debug|x64
		Debug|x86 = Debug|x86
		Release|x64 = Release|x64
		Release|x86 = Release|x86
	EndGlobalSection
	GlobalSection(ProjectConfigurationPlatforms) = postSolution
		{29818FE5-5022-4556-8D8A-D74C31594B1A}.Debug|x64.ActiveCfg = Debug|x64
		{29818FE5-5022-4556-8D8A-D74C31594B1A}.Debug|x64.Build.0 = Debug|x64
		{29818FE5-5022-4556-8D8A-D74C31594B1A}.Debug|x86.ActiveCfg = Debug|Win32
		{29818FE5-5022-4556-8D8A-D74C31594B1A}.Debug|x86.Build.0 = Debug|Win32
		{29818FE5-5022-4556-8D8A-D74C31594B1A}.Release|x64.ActiveCfg = Release|x64
		{29818FE5-5022-4556-8D8A-D74C31594B1A}.Release|x64.Build.0 = Release|x64
		{29818FE5-5022-4556-8D8A-D74C31594B1A}.Release|x86.ActiveCfg = Release|Win32
		{29818FE5-5022-4556-8D8A-D74C31594B1A}.Release|x86.Build.0 = Release|Win32
	EndGlobalSection
	GlobalSection(SolutionProperties) = preSolution
		HideSolutionNode = FALSE
	EndGlobalSection
	GlobalSection(ExtensibilityGlobals) = postSolution
		SolutionGuid = {9771686F-8ED9-4CAA-AE04-C29757CD099A}
	EndGlobalSection
EndGlobal
